{
  "name": "font-awesome-7.0",
  "lockfileVersion": 3,
  "requires": true,
  "packages": {
    "": {
      "dependencies": {
        "@fortawesome/fontawesome-free": "^7.0.1"
      }
    },
    "node_modules/@fortawesome/fontawesome-free": {
      "version": "7.0.1",
      "resolved": "https://registry.npmjs.org/@fortawesome/fontawesome-free/-/fontawesome-free-7.0.1.tgz",
      "integrity": "sha512-RLmb9U6H2rJDnGxEqXxzy7ANPrQz7WK2/eTjdZqyU9uRU5W+FkAec9uU5gTYzFBH7aoXIw2WTJSCJR4KPlReQw==",
      "license": "(CC-BY-4.0 AND OFL-1.1 AND MIT)",
      "engines": {
        "node": ">=6"
      }
    }
  }
}
